// !$*UTF8*$!
{
	archiveVersion = 1;
	classes = {
	};
	objectVersion = 50;
	objects = {

/* Begin PBXBuildFile section */
		551F1927244F88C10044BA36 /* Meme.swift in Sources */ = {isa = PBXBuildFile; fileRef = 551F1926244F88C10044BA36 /* Meme.swift */; };
		551F1929244F8B960044BA36 /* TableViewController.swift in Sources */ = {isa = PBXBuildFile; fileRef = 551F1928244F8B960044BA36 /* TableViewController.swift */; };
		551F192B244F8BF70044BA36 /* CollectionViewController.swift in Sources */ = {isa = PBXBuildFile; fileRef = 551F192A244F8BF70044BA36 /* CollectionViewController.swift */; };
		551F192D244F97D40044BA36 /* MemeCollectionCell.swift in Sources */ = {isa = PBXBuildFile; fileRef = 551F192C244F97D40044BA36 /* MemeCollectionCell.swift */; };
		554177A2244BBB5900A3A928 /* AppDelegate.swift in Sources */ = {isa = PBXBuildFile; fileRef = 554177A1244BBB5900A3A928 /* AppDelegate.swift */; };
		554177A4244BBB5900A3A928 /* SceneDelegate.swift in Sources */ = {isa = PBXBuildFile; fileRef = 554177A3244BBB5900A3A928 /* SceneDelegate.swift */; };
		554177A6244BBB5900A3A928 /* MemeCreationViewController.swift in Sources */ = {isa = PBXBuildFile; fileRef = 554177A5244BBB5900A3A928 /* MemeCreationViewController.swift */; };
		554177A9244BBB5900A3A928 /* Main.storyboard in Resources */ = {isa = PBXBuildFile; fileRef = 554177A7244BBB5900A3A928 /* Main.storyboard */; };
		554177AB244BBB5D00A3A928 /* Assets.xcassets in Resources */ = {isa = PBXBuildFile; fileRef = 554177AA244BBB5D00A3A928 /* Assets.xcassets */; };
		554177AE244BBB5D00A3A928 /* LaunchScreen.storyboard in Resources */ = {isa = PBXBuildFile; fileRef = 554177AC244BBB5D00A3A928 /* LaunchScreen.storyboard */; };
		554177B9244BBB5D00A3A928 /* MemeMeTests.swift in Sources */ = {isa = PBXBuildFile; fileRef = 554177B8244BBB5D00A3A928 /* MemeMeTests.swift */; };
		554177C4244BBB5D00A3A928 /* MemeMeUITests.swift in Sources */ = {isa = PBXBuildFile; fileRef = 554177C3244BBB5D00A3A928 /* MemeMeUITests.swift */; };
		554177D6244BE69A00A3A928 /* TextFieldDelegate.swift in Sources */ = {isa = PBXBuildFile; fileRef = 554177D5244BE69A00A3A928 /* TextFieldDelegate.swift */; };
		554471F2244FC36F0006FE20 /* ShowMemeViewController.swift in Sources */ = {isa = PBXBuildFile; fileRef = 554471F1244FC36F0006FE20 /* ShowMemeViewController.swift */; };
/* End PBXBuildFile section */

/* Begin PBXContainerItemProxy section */
		554177B5244BBB5D00A3A928 /* PBXContainerItemProxy */ = {
			isa = PBXContainerItemProxy;
			containerPortal = 55417796244BBB5900A3A928 /* Project object */;
			proxyType = 1;
			remoteGlobalIDString = 5541779D244BBB5900A3A928;
			remoteInfo = MemeMe;
		};
		554177C0244BBB5D00A3A928 /* PBXContainerItemProxy */ = {
			isa = PBXContainerItemProxy;
			containerPortal = 55417796244BBB5900A3A928 /* Project object */;
			proxyType = 1;
			remoteGlobalIDString = 5541779D244BBB5900A3A928;
			remoteInfo = MemeMe;
		};
/* End PBXContainerItemProxy section */

/* Begin PBXFileReference section */
		551F1926244F88C10044BA36 /* Meme.swift */ = {isa = PBXFileReference; lastKnownFileType = sourcecode.swift; path = Meme.swift; sourceTree = "<group>"; };
		551F1928244F8B960044BA36 /* TableViewController.swift */ = {isa = PBXFileReference; lastKnownFileType = sourcecode.swift; path = TableViewController.swift; sourceTree = "<group>"; };
		551F192A244F8BF70044BA36 /* CollectionViewController.swift */ = {isa = PBXFileReference; lastKnownFileType = sourcecode.swift; path = CollectionViewController.swift; sourceTree = "<group>"; };
		551F192C244F97D40044BA36 /* MemeCollectionCell.swift */ = {isa = PBXFileReference; lastKnownFileType = sourcecode.swift; path = MemeCollectionCell.swift; sourceTree = "<group>"; };
		5541779E244BBB5900A3A928 /* MemeMe.app */ = {isa = PBXFileReference; explicitFileType = wrapper.application; includeInIndex = 0; path = MemeMe.app; sourceTree = BUILT_PRODUCTS_DIR; };
		554177A1244BBB5900A3A928 /* AppDelegate.swift */ = {isa = PBXFileReference; lastKnownFileType = sourcecode.swift; path = AppDelegate.swift; sourceTree = "<group>"; };
		554177A3244BBB5900A3A928 /* SceneDelegate.swift */ = {isa = PBXFileReference; lastKnownFileType = sourcecode.swift; path = SceneDelegate.swift; sourceTree = "<group>"; };
		554177A5244BBB5900A3A928 /* MemeCreationViewController.swift */ = {isa = PBXFileReference; lastKnownFileType = sourcecode.swift; path = MemeCreationViewController.swift; sourceTree = "<group>"; };
		554177A8244BBB5900A3A928 /* Base */ = {isa = PBXFileReference; lastKnownFileType = file.storyboard; name = Base; path = Base.lproj/Main.storyboard; sourceTree = "<group>"; };
		554177AA244BBB5D00A3A928 /* Assets.xcassets */ = {isa = PBXFileReference; lastKnownFileType = folder.assetcatalog; path = Assets.xcassets; sourceTree = "<group>"; };
		554177AD244BBB5D00A3A928 /* Base */ = {isa = PBXFileReference; lastKnownFileType = file.storyboard; name = Base; path = Base.lproj/LaunchScreen.storyboard; sourceTree = "<group>"; };
		554177AF244BBB5D00A3A928 /* Info.plist */ = {isa = PBXFileReference; lastKnownFileType = text.plist.xml; path = Info.plist; sourceTree = "<group>"; };
		554177B4244BBB5D00A3A928 /* MemeMeTests.xctest */ = {isa = PBXFileReference; explicitFileType = wrapper.cfbundle; includeInIndex = 0; path = MemeMeTests.xctest; sourceTree = BUILT_PRODUCTS_DIR; };
		554177B8244BBB5D00A3A928 /* MemeMeTests.swift */ = {isa = PBXFileReference; lastKnownFileType = sourcecode.swift; path = MemeMeTests.swift; sourceTree = "<group>"; };
		554177BA244BBB5D00A3A928 /* Info.plist */ = {isa = PBXFileReference; lastKnownFileType = text.plist.xml; path = Info.plist; sourceTree = "<group>"; };
		554177BF244BBB5D00A3A928 /* MemeMeUITests.xctest */ = {isa = PBXFileReference; explicitFileType = wrapper.cfbundle; includeInIndex = 0; path = MemeMeUITests.xctest; sourceTree = BUILT_PRODUCTS_DIR; };
		554177C3244BBB5D00A3A928 /* MemeMeUITests.swift */ = {isa = PBXFileReference; lastKnownFileType = sourcecode.swift; path = MemeMeUITests.swift; sourceTree = "<group>"; };
		554177C5244BBB5D00A3A928 /* Info.plist */ = {isa = PBXFileReference; lastKnownFileType = text.plist.xml; path = Info.plist; sourceTree = "<group>"; };
		554177D5244BE69A00A3A928 /* TextFieldDelegate.swift */ = {isa = PBXFileReference; lastKnownFileType = sourcecode.swift; path = TextFieldDelegate.swift; sourceTree = "<group>"; };
		554471F1244FC36F0006FE20 /* ShowMemeViewController.swift */ = {isa = PBXFileReference; lastKnownFileType = sourcecode.swift; path = ShowMemeViewController.swift; sourceTree = "<group>"; };
/* End PBXFileReference section */

/* Begin PBXFrameworksBuildPhase section */
		5541779B244BBB5900A3A928 /* Frameworks */ = {
			isa = PBXFrameworksBuildPhase;
			buildActionMask = 2147483647;
			files = (
			);
			runOnlyForDeploymentPostprocessing = 0;
		};
		554177B1244BBB5D00A3A928 /* Frameworks */ = {
			isa = PBXFrameworksBuildPhase;
			buildActionMask = 2147483647;
			files = (
			);
			runOnlyForDeploymentPostprocessing = 0;
		};
		554177BC244BBB5D00A3A928 /* Frameworks */ = {
			isa = PBXFrameworksBuildPhase;
			buildActionMask = 2147483647;
			files = (
			);
			runOnlyForDeploymentPostprocessing = 0;
		};
/* End PBXFrameworksBuildPhase section */

/* Begin PBXGroup section */
		55417795244BBB5900A3A928 = {
			isa = PBXGroup;
			children = (
				554177A0244BBB5900A3A928 /* MemeMe */,
				554177B7244BBB5D00A3A928 /* MemeMeTests */,
				554177C2244BBB5D00A3A928 /* MemeMeUITests */,
				5541779F244BBB5900A3A928 /* Products */,
			);
			sourceTree = "<group>";
		};
		5541779F244BBB5900A3A928 /* Products */ = {
			isa = PBXGroup;
			children = (
				5541779E244BBB5900A3A928 /* MemeMe.app */,
				554177B4244BBB5D00A3A928 /* MemeMeTests.xctest */,
				554177BF244BBB5D00A3A928 /* MemeMeUITests.xctest */,
			);
			name = Products;
			sourceTree = "<group>";
		};
		554177A0244BBB5900A3A928 /* MemeMe */ = {
			isa = PBXGroup;
			children = (
				554177A1244BBB5900A3A928 /* AppDelegate.swift */,
				554177A3244BBB5900A3A928 /* SceneDelegate.swift */,
				554177A5244BBB5900A3A928 /* MemeCreationViewController.swift */,
				551F1928244F8B960044BA36 /* TableViewController.swift */,
				551F192A244F8BF70044BA36 /* CollectionViewController.swift */,
				554471F1244FC36F0006FE20 /* ShowMemeViewController.swift */,
				551F192C244F97D40044BA36 /* MemeCollectionCell.swift */,
				554177A7244BBB5900A3A928 /* Main.storyboard */,
				554177D5244BE69A00A3A928 /* TextFieldDelegate.swift */,
				554177AA244BBB5D00A3A928 /* Assets.xcassets */,
				554177AC244BBB5D00A3A928 /* LaunchScreen.storyboard */,
				554177AF244BBB5D00A3A928 /* Info.plist */,
				551F1926244F88C10044BA36 /* Meme.swift */,
			);
			path = MemeMe;
			sourceTree = "<group>";
		};
		554177B7244BBB5D00A3A928 /* MemeMeTests */ = {
			isa = PBXGroup;
			children = (
				554177B8244BBB5D00A3A928 /* MemeMeTests.swift */,
				554177BA244BBB5D00A3A928 /* Info.plist */,
			);
			path = MemeMeTests;
			sourceTree = "<group>";
		};
		554177C2244BBB5D00A3A928 /* MemeMeUITests */ = {
			isa = PBXGroup;
			children = (
				554177C3244BBB5D00A3A928 /* MemeMeUITests.swift */,
				554177C5244BBB5D00A3A928 /* Info.plist */,
			);
			path = MemeMeUITests;
			sourceTree = "<group>";
		};
/* End PBXGroup section */

/* Begin PBXNativeTarget section */
		5541779D244BBB5900A3A928 /* MemeMe */ = {
			isa = PBXNativeTarget;
			buildConfigurationList = 554177C8244BBB5D00A3A928 /* Build configuration list for PBXNativeTarget "MemeMe" */;
			buildPhases = (
				5541779A244BBB5900A3A928 /* Sources */,
				5541779B244BBB5900A3A928 /* Frameworks */,
				5541779C244BBB5900A3A928 /* Resources */,
			);
			buildRules = (
			);
			dependencies = (
			);
			name = MemeMe;
			productName = MemeMe;
			productReference = 5541779E244BBB5900A3A928 /* MemeMe.app */;
			productType = "com.apple.product-type.application";
		};
		554177B3244BBB5D00A3A928 /* MemeMeTests */ = {
			isa = PBXNativeTarget;
			buildConfigurationList = 554177CB244BBB5D00A3A928 /* Build configuration list for PBXNativeTarget "MemeMeTests" */;
			buildPhases = (
				554177B0244BBB5D00A3A928 /* Sources */,
				554177B1244BBB5D00A3A928 /* Frameworks */,
				554177B2244BBB5D00A3A928 /* Resources */,
			);
			buildRules = (
			);
			dependencies = (
				554177B6244BBB5D00A3A928 /* PBXTargetDependency */,
			);
			name = MemeMeTests;
			productName = MemeMeTests;
			productReference = 554177B4244BBB5D00A3A928 /* MemeMeTests.xctest */;
			productType = "com.apple.product-type.bundle.unit-test";
		};
		554177BE244BBB5D00A3A928 /* MemeMeUITests */ = {
			isa = PBXNativeTarget;
			buildConfigurationList = 554177CE244BBB5D00A3A928 /* Build configuration list for PBXNativeTarget "MemeMeUITests" */;
			buildPhases = (
				554177BB244BBB5D00A3A928 /* Sources */,
				554177BC244BBB5D00A3A928 /* Frameworks */,
				554177BD244BBB5D00A3A928 /* Resources */,
			);
			buildRules = (
			);
			dependencies = (
				554177C1244BBB5D00A3A928 /* PBXTargetDependency */,
			);
			name = MemeMeUITests;
			productName = MemeMeUITests;
			productReference = 554177BF244BBB5D00A3A928 /* MemeMeUITests.xctest */;
			productType = "com.apple.product-type.bundle.ui-testing";
		};
/* End PBXNativeTarget section */

/* Begin PBXProject section */
		55417796244BBB5900A3A928 /* Project object */ = {
			isa = PBXProject;
			attributes = {
				LastSwiftUpdateCheck = 1130;
				LastUpgradeCheck = 1130;
				ORGANIZATIONNAME = "Abdalla Elshikh";
				TargetAttributes = {
					5541779D244BBB5900A3A928 = {
						CreatedOnToolsVersion = 11.3.1;
					};
					554177B3244BBB5D00A3A928 = {
						CreatedOnToolsVersion = 11.3.1;
						TestTargetID = 5541779D244BBB5900A3A928;
					};
					554177BE244BBB5D00A3A928 = {
						CreatedOnToolsVersion = 11.3.1;
						TestTargetID = 5541779D244BBB5900A3A928;
					};
				};
			};
			buildConfigurationList = 55417799244BBB5900A3A928 /* Build configuration list for PBXProject "MemeMe" */;
			compatibilityVersion = "Xcode 9.3";
			developmentRegion = en;
			hasScannedForEncodings = 0;
			knownRegions = (
				en,
				Base,
			);
			mainGroup = 55417795244BBB5900A3A928;
			productRefGroup = 5541779F244BBB5900A3A928 /* Products */;
			projectDirPath = "";
			projectRoot = "";
			targets = (
				5541779D244BBB5900A3A928 /* MemeMe */,
				554177B3244BBB5D00A3A928 /* MemeMeTests */,
				554177BE244BBB5D00A3A928 /* MemeMeUITests */,
			);
		};
/* End PBXProject section */

/* Begin PBXResourcesBuildPhase section */
		5541779C244BBB5900A3A928 /* Resources */ = {
			isa = PBXResourcesBuildPhase;
			buildActionMask = 2147483647;
			files = (
				554177AE244BBB5D00A3A928 /* LaunchScreen.storyboard in Resources */,
				554177AB244BBB5D00A3A928 /* Assets.xcassets in Resources */,
				554177A9244BBB5900A3A928 /* Main.storyboard in Resources */,
			);
			runOnlyForDeploymentPostprocessing = 0;
		};
		554177B2244BBB5D00A3A928 /* Resources */ = {
			isa = PBXResourcesBuildPhase;
			buildActionMask = 2147483647;
			files = (
			);
			runOnlyForDeploymentPostprocessing = 0;
		};
		554177BD244BBB5D00A3A928 /* Resources */ = {
			isa = PBXResourcesBuildPhase;
			buildActionMask = 2147483647;
			files = (
			);
			runOnlyForDeploymentPostprocessing = 0;
		};
/* End PBXResourcesBuildPhase section */

/* Begin PBXSourcesBuildPhase section */
		5541779A244BBB5900A3A928 /* Sources */ = {
			isa = PBXSourcesBuildPhase;
			buildActionMask = 2147483647;
			files = (
				554177A6244BBB5900A3A928 /* MemeCreationViewController.swift in Sources */,
				551F1929244F8B960044BA36 /* TableViewController.swift in Sources */,
				554177A2244BBB5900A3A928 /* AppDelegate.swift in Sources */,
				551F192D244F97D40044BA36 /* MemeCollectionCell.swift in Sources */,
				554177D6244BE69A00A3A928 /* TextFieldDelegate.swift in Sources */,
				554471F2244FC36F0006FE20 /* ShowMemeViewController.swift in Sources */,
				551F192B244F8BF70044BA36 /* CollectionViewController.swift in Sources */,
				554177A4244BBB5900A3A928 /* SceneDelegate.swift in Sources */,
				551F1927244F88C10044BA36 /* Meme.swift in Sources */,
			);
			runOnlyForDeploymentPostprocessing = 0;
		};
		554177B0244BBB5D00A3A928 /* Sources */ = {
			isa = PBXSourcesBuildPhase;
			buildActionMask = 2147483647;
			files = (
				554177B9244BBB5D00A3A928 /* MemeMeTests.swift in Sources */,
			);
			runOnlyForDeploymentPostprocessing = 0;
		};
		554177BB244BBB5D00A3A928 /* Sources */ = {
			isa = PBXSourcesBuildPhase;
			buildActionMask = 2147483647;
			files = (
				554177C4244BBB5D00A3A928 /* MemeMeUITests.swift in Sources */,
			);
			runOnlyForDeploymentPostprocessing = 0;
		};
/* End PBXSourcesBuildPhase section */

/* Begin PBXTargetDependency section */
		554177B6244BBB5D00A3A928 /* PBXTargetDependency */ = {
			isa = PBXTargetDependency;
			target = 5541779D244BBB5900A3A928 /* MemeMe */;
			targetProxy = 554177B5244BBB5D00A3A928 /* PBXContainerItemProxy */;
		};
		554177C1244BBB5D00A3A928 /* PBXTargetDependency */ = {
			isa = PBXTargetDependency;
			target = 5541779D244BBB5900A3A928 /* MemeMe */;
			targetProxy = 554177C0244BBB5D00A3A928 /* PBXContainerItemProxy */;
		};
/* End PBXTargetDependency section */

/* Begin PBXVariantGroup section */
		554177A7244BBB5900A3A928 /* Main.storyboard */ = {
			isa = PBXVariantGroup;
			children = (
				554177A8244BBB5900A3A928 /* Base */,
			);
			name = Main.storyboard;
			sourceTree = "<group>";
		};
		554177AC244BBB5D00A3A928 /* LaunchScreen.storyboard */ = {
			isa = PBXVariantGroup;
			children = (
				554177AD244BBB5D00A3A928 /* Base */,
			);
			name = LaunchScreen.storyboard;
			sourceTree = "<group>";
		};
/* End PBXVariantGroup section */

/* Begin XCBuildConfiguration section */
		554177C6244BBB5D00A3A928 /* Debug */ = {
			isa = XCBuildConfiguration;
			buildSettings = {
				ALWAYS_SEARCH_USER_PATHS = NO;
				CLANG_ANALYZER_NONNULL = YES;
				CLANG_ANALYZER_NUMBER_OBJECT_CONVERSION = YES_AGGRESSIVE;
				CLANG_CXX_LANGUAGE_STANDARD = "gnu++14";
				CLANG_CXX_LIBRARY = "libc++";
				CLANG_ENABLE_MODULES = YES;
				CLANG_ENABLE_OBJC_ARC = YES;
				CLANG_ENABLE_OBJC_WEAK = YES;
				CLANG_WARN_BLOCK_CAPTURE_AUTORELEASING = YES;
				CLANG_WARN_BOOL_CONVERSION = YES;
				CLANG_WARN_COMMA = YES;
				CLANG_WARN_CONSTANT_CONVERSION = YES;
				CLANG_WARN_DEPRECATED_OBJC_IMPLEMENTATIONS = YES;
				CLANG_WARN_DIRECT_OBJC_ISA_USAGE = YES_ERROR;
				CLANG_WARN_DOCUMENTATION_COMMENTS = YES;
				CLANG_WARN_EMPTY_BODY = YES;
				CLANG_WARN_ENUM_CONVERSION = YES;
				CLANG_WARN_INFINITE_RECURSION = YES;
				CLANG_WARN_INT_CONVERSION = YES;
				CLANG_WARN_NON_LITERAL_NULL_CONVERSION = YES;
				CLANG_WARN_OBJC_IMPLICIT_RETAIN_SELF = YES;
				CLANG_WARN_OBJC_LITERAL_CONVERSION = YES;
				CLANG_WARN_OBJC_ROOT_CLASS = YES_ERROR;
				CLANG_WARN_RANGE_LOOP_ANALYSIS = YES;
				CLANG_WARN_STRICT_PROTOTYPES = YES;
				CLANG_WARN_SUSPICIOUS_MOVE = YES;
				CLANG_WARN_UNGUARDED_AVAILABILITY = YES_AGGRESSIVE;
				CLANG_WARN_UNREACHABLE_CODE = YES;
				CLANG_WARN__DUPLICATE_METHOD_MATCH = YES;
				COPY_PHASE_STRIP = NO;
				DEBUG_INFORMATION_FORMAT = dwarf;
				ENABLE_STRICT_OBJC_MSGSEND = YES;
				ENABLE_TESTABILITY = YES;
				GCC_C_LANGUAGE_STANDARD = gnu11;
				GCC_DYNAMIC_NO_PIC = NO;
				GCC_NO_COMMON_BLOCKS = YES;
				GCC_OPTIMIZATION_LEVEL = 0;
				GCC_PREPROCESSOR_DEFINITIONS = (
					"DEBUG=1",
					"$(inherited)",
				);
				GCC_WARN_64_TO_32_BIT_CONVERSION = YES;
				GCC_WARN_ABOUT_RETURN_TYPE = YES_ERROR;
				GCC_WARN_UNDECLARED_SELECTOR = YES;
				GCC_WARN_UNINITIALIZED_AUTOS = YES_AGGRESSIVE;
				GCC_WARN_UNUSED_FUNCTION = YES;
				GCC_WARN_UNUSED_VARIABLE = YES;
				IPHONEOS_DEPLOYMENT_TARGET = 13.2;
				MTL_ENABLE_DEBUG_INFO = INCLUDE_SOURCE;
				MTL_FAST_MATH = YES;
				ONLY_ACTIVE_ARCH = YES;
				SDKROOT = iphoneos;
				SWIFT_ACTIVE_COMPILATION_CONDITIONS = DEBUG;
				SWIFT_OPTIMIZATION_LEVEL = "-Onone";
			};
			name = Debug;
		};
		554177C7244BBB5D00A3A928 /* Release */ = {
			isa = XCBuildConfiguration;
			buildSettings = {
				ALWAYS_SEARCH_USER_PATHS = NO;
				CLANG_ANALYZER_NONNULL = YES;
				CLANG_ANALYZER_NUMBER_OBJECT_CONVERSION = YES_AGGRESSIVE;
				CLANG_CXX_LANGUAGE_STANDARD = "gnu++14";
				CLANG_CXX_LIBRARY = "libc++";
				CLANG_ENABLE_MODULES = YES;
				CLANG_ENABLE_OBJC_ARC = YES;
				CLANG_ENABLE_OBJC_WEAK = YES;
				CLANG_WARN_BLOCK_CAPTURE_AUTORELEASING = YES;
				CLANG_WARN_BOOL_CONVERSION = YES;
				CLANG_WARN_COMMA = YES;
				CLANG_WARN_CONSTANT_CONVERSION = YES;
				CLANG_WARN_DEPRECATED_OBJC_IMPLEMENTATIONS = YES;
				CLANG_WARN_DIRECT_OBJC_ISA_USAGE = YES_ERROR;
				CLANG_WARN_DOCUMENTATION_COMMENTS = YES;
				CLANG_WARN_EMPTY_BODY = YES;
				CLANG_WARN_ENUM_CONVERSION = YES;
				CLANG_WARN_INFINITE_RECURSION = YES;
				CLANG_WARN_INT_CONVERSION = YES;
				CLANG_WARN_NON_LITERAL_NULL_CONVERSION = YES;
				CLANG_WARN_OBJC_IMPLICIT_RETAIN_SELF = YES;
				CLANG_WARN_OBJC_LITERAL_CONVERSION = YES;
				CLANG_WARN_OBJC_ROOT_CLASS = YES_ERROR;
				CLANG_WARN_RANGE_LOOP_ANALYSIS = YES;
				CLANG_WARN_STRICT_PROTOTYPES = YES;
				CLANG_WARN_SUSPICIOUS_MOVE = YES;
				CLANG_WARN_UNGUARDED_AVAILABILITY = YES_AGGRESSIVE;
				CLANG_WARN_UNREACHABLE_CODE = YES;
				CLANG_WARN__DUPLICATE_METHOD_MATCH = YES;
				COPY_PHASE_STRIP = NO;
				DEBUG_INFORMATION_FORMAT = "dwarf-with-dsym";
				ENABLE_NS_ASSERTIONS = NO;
				ENABLE_STRICT_OBJC_MSGSEND = YES;
				GCC_C_LANGUAGE_STANDARD = gnu11;
				GCC_NO_COMMON_BLOCKS = YES;
				GCC_WARN_64_TO_32_BIT_CONVERSION = YES;
				GCC_WARN_ABOUT_RETURN_TYPE = YES_ERROR;
				GCC_WARN_UNDECLARED_SELECTOR = YES;
				GCC_WARN_UNINITIALIZED_AUTOS = YES_AGGRESSIVE;
				GCC_WARN_UNUSED_FUNCTION = YES;
				GCC_WARN_UNUSED_VARIABLE = YES;
				IPHONEOS_DEPLOYMENT_TARGET = 13.2;
				MTL_ENABLE_DEBUG_INFO = NO;
				MTL_FAST_MATH = YES;
				SDKROOT = iphoneos;
				SWIFT_COMPILATION_MODE = wholemodule;
				SWIFT_OPTIMIZATION_LEVEL = "-O";
				VALIDATE_PRODUCT = YES;
			};
			name = Release;
		};
		554177C9244BBB5D00A3A928 /* Debug */ = {
			isa = XCBuildConfiguration;
			buildSettings = {
				ASSETCATALOG_COMPILER_APPICON_NAME = AppIcon;
				CODE_SIGN_STYLE = Automatic;
				INFOPLIST_FILE = MemeMe/Info.plist;
				LD_RUNPATH_SEARCH_PATHS = (
					"$(inherited)",
					"@executable_path/Frameworks",
				);
				PRODUCT_BUNDLE_IDENTIFIER = com.test.MemeMe;
				PRODUCT_NAME = "$(TARGET_NAME)";
				SWIFT_VERSION = 5.0;
				TARGETED_DEVICE_FAMILY = "1,2";
			};
			name = Debug;
		};
		554177CA244BBB5D00A3A928 /* Release */ = {
			isa = XCBuildConfiguration;
			buildSettings = {
				ASSETCATALOG_COMPILER_APPICON_NAME = AppIcon;
				CODE_SIGN_STYLE = Automatic;
				INFOPLIST_FILE = MemeMe/Info.plist;
				LD_RUNPATH_SEARCH_PATHS = (
					"$(inherited)",
					"@executable_path/Frameworks",
				);
				PRODUCT_BUNDLE_IDENTIFIER = com.test.MemeMe;
				PRODUCT_NAME = "$(TARGET_NAME)";
				SWIFT_VERSION = 5.0;
				TARGETED_DEVICE_FAMILY = "1,2";
			};
			name = Release;
		};
		554177CC244BBB5D00A3A928 /* Debug */ = {
			isa = XCBuildConfiguration;
			buildSettings = {
				ALWAYS_EMBED_SWIFT_STANDARD_LIBRARIES = YES;
				BUNDLE_LOADER = "$(TEST_HOST)";
				CODE_SIGN_STYLE = Automatic;
				INFOPLIST_FILE = MemeMeTests/Info.plist;
				IPHONEOS_DEPLOYMENT_TARGET = 13.2;
				LD_RUNPATH_SEARCH_PATHS = (
					"$(inherited)",
					"@executable_path/Frameworks",
					"@loader_path/Frameworks",
				);
				PRODUCT_BUNDLE_IDENTIFIER = com.test.MemeMeTests;
				PRODUCT_NAME = "$(TARGET_NAME)";
				SWIFT_VERSION = 5.0;
				TARGETED_DEVICE_FAMILY = "1,2";
				TEST_HOST = "$(BUILT_PRODUCTS_DIR)/MemeMe.app/MemeMe";
			};
			name = Debug;
		};
		554177CD244BBB5D00A3A928 /* Release */ = {
			isa = XCBuildConfiguration;
			buildSettings = {
				ALWAYS_EMBED_SWIFT_STANDARD_LIBRARIES = YES;
				BUNDLE_LOADER = "$(TEST_HOST)";
				CODE_SIGN_STYLE = Automatic;
				INFOPLIST_FILE = MemeMeTests/Info.plist;
				IPHONEOS_DEPLOYMENT_TARGET = 13.2;
				LD_RUNPATH_SEARCH_PATHS = (
					"$(inherited)",
					"@executable_path/Frameworks",
					"@loader_path/Frameworks",
				);
				PRODUCT_BUNDLE_IDENTIFIER = com.test.MemeMeTests;
				PRODUCT_NAME = "$(TARGET_NAME)";
				SWIFT_VERSION = 5.0;
				TARGETED_DEVICE_FAMILY = "1,2";
				TEST_HOST = "$(BUILT_PRODUCTS_DIR)/MemeMe.app/MemeMe";
			};
			name = Release;
		};
		554177CF244BBB5D00A3A928 /* Debug */ = {
			isa = XCBuildConfiguration;
			buildSettings = {
				ALWAYS_EMBED_SWIFT_STANDARD_LIBRARIES = YES;
				CODE_SIGN_STYLE = Automatic;
				INFOPLIST_FILE = MemeMeUITests/Info.plist;
				LD_RUNPATH_SEARCH_PATHS = (
					"$(inherited)",
					"@executable_path/Frameworks",
					"@loader_path/Frameworks",
				);
				PRODUCT_BUNDLE_IDENTIFIER = com.test.MemeMeUITests;
				PRODUCT_NAME = "$(TARGET_NAME)";
				SWIFT_VERSION = 5.0;
				TARGETED_DEVICE_FAMILY = "1,2";
				TEST_TARGET_NAME = MemeMe;
			};
			name = Debug;
		};
		554177D0244BBB5D00A3A928 /* Release */ = {
			isa = XCBuildConfiguration;
			buildSettings = {
				ALWAYS_EMBED_SWIFT_STANDARD_LIBRARIES = YES;
				CODE_SIGN_STYLE = Automatic;
				INFOPLIST_FILE = MemeMeUITests/Info.plist;
				LD_RUNPATH_SEARCH_PATHS = (
					"$(inherited)",
					"@executable_path/Frameworks",
					"@loader_path/Frameworks",
				);
				PRODUCT_BUNDLE_IDENTIFIER = com.test.MemeMeUITests;
				PRODUCT_NAME = "$(TARGET_NAME)";
				SWIFT_VERSION = 5.0;
				TARGETED_DEVICE_FAMILY = "1,2";
				TEST_TARGET_NAME = MemeMe;
			};
			name = Release;
		};
/* End XCBuildConfiguration section */

/* Begin XCConfigurationList section */
		55417799244BBB5900A3A928 /* Build configuration list for PBXProject "MemeMe" */ = {
			isa = XCConfigurationList;
			buildConfigurations = (
				554177C6244BBB5D00A3A928 /* Debug */,
				554177C7244BBB5D00A3A928 /* Release */,
			);
			defaultConfigurationIsVisible = 0;
			defaultConfigurationName = Release;
		};
		554177C8244BBB5D00A3A928 /* Build configuration list for PBXNativeTarget "MemeMe" */ = {
			isa = XCConfigurationList;
			buildConfigurations = (
				554177C9244BBB5D00A3A928 /* Debug */,
				554177CA244BBB5D00A3A928 /* Release */,
			);
			defaultConfigurationIsVisible = 0;
			defaultConfigurationName = Release;
		};
		554177CB244BBB5D00A3A928 /* Build configuration list for PBXNativeTarget "MemeMeTests" */ = {
			isa = XCConfigurationList;
			buildConfigurations = (
				554177CC244BBB5D00A3A928 /* Debug */,
				554177CD244BBB5D00A3A928 /* Release */,
			);
			defaultConfigurationIsVisible = 0;
			defaultConfigurationName = Release;
		};
		554177CE244BBB5D00A3A928 /* Build configuration list for PBXNativeTarget "MemeMeUITests" */ = {
			isa = XCConfigurationList;
			buildConfigurations = (
				554177CF244BBB5D00A3A928 /* Debug */,
				554177D0244BBB5D00A3A928 /* Release */,
			);
			defaultConfigurationIsVisible = 0;
			defaultConfigurationName = Release;
		};
/* End XCConfigurationList section */
	};
	rootObject = 55417796244BBB5900A3A928 /* Project object */;
}
